
Microsoft Visual Studio Solution File, Format Version 12.00
# Visual Studio Version 17
VisualStudioVersion = 17.9.34902.65
MinimumVisualStudioVersion = 10.0.40219.1
Project("{9A19103F-16F7-4668-BE54-9A1E7A4F7556}") = "MSIT158_2_FinalProject", "MSIT158_2_FinalProject\MSIT158_2_FinalProject.csproj", "{B1213371-F890-4A9E-A62B-E1F3571834A1}"
EndProject
Project("{9A19103F-16F7-4668-BE54-9A1E7A4F7556}") = "MSIT158_2_API", "MSIT158_2_API\MSIT158_2_API.csproj", "{F3AF887B-8B97-4D8C-BA81-1DC26DC87A8D}"
EndProject
Global
	GlobalSection(SolutionConfigurationPlatforms) = preSolution
		Debug|Any CPU = Debug|Any CPU
		Release|Any CPU = Release|Any CPU
	EndGlobalSection
	GlobalSection(ProjectConfigurationPlatforms) = postSolution
		{B1213371-F890-4A9E-A62B-E1F3571834A1}.Debug|Any CPU.ActiveCfg = Debug|Any CPU
		{B1213371-F890-4A9E-A62B-E1F3571834A1}.Debug|Any CPU.Build.0 = Debug|Any CPU
		{B1213371-F890-4A9E-A62B-E1F3571834A1}.Release|Any CPU.ActiveCfg = Release|Any CPU
		{B1213371-F890-4A9E-A62B-E1F3571834A1}.Release|Any CPU.Build.0 = Release|Any CPU
		{F3AF887B-8B97-4D8C-BA81-1DC26DC87A8D}.Debug|Any CPU.ActiveCfg = Debug|Any CPU
		{F3AF887B-8B97-4D8C-BA81-1DC26DC87A8D}.Debug|Any CPU.Build.0 = Debug|Any CPU
		{F3AF887B-8B97-4D8C-BA81-1DC26DC87A8D}.Release|Any CPU.ActiveCfg = Release|Any CPU
		{F3AF887B-8B97-4D8C-BA81-1DC26DC87A8D}.Release|Any CPU.Build.0 = Release|Any CPU
	EndGlobalSection
	GlobalSection(SolutionProperties) = preSolution
		HideSolutionNode = FALSE
	EndGlobalSection
	GlobalSection(ExtensibilityGlobals) = postSolution
		SolutionGuid = {5E89FEE3-63E2-4211-9591-B196B17C5192}
	EndGlobalSection
EndGlobal
